{
    "_meta": {
        "hash": {
            "sha256": "b2eba7c9f0f5ed7bb76d365325bf2009e1cb22d92c56c5a746aaedd4781b939a"
        },
        "pipfile-spec": 6,
        "requires": {
            "python_full_version": "3.10.10",
            "python_version": "3.10"
        },
        "sources": [
            {
                "name": "pypi",
                "url": "https://pypi.org/simple",
                "verify_ssl": true
            }
        ]
    },
    "default": {
        "asgiref": {
            "hashes": [
                "sha256:89b2ef2247e3b562a16eef663bc0e2e703ec6468e2fa8a5cd61cd449786d4f6e",
                "sha256:9e0ce3aa93a819ba5b45120216b23878cf6e8525eb3848653452b4192b92afed"
            ],
            "markers": "python_version >= '3.7'",
            "version": "==3.7.2"
        },
        "attrs": {
            "hashes": [
                "sha256:1f28b4522cdc2fb4256ac1a020c78acf9cba2c6b461ccd2c126f3aa8e8335d04",
                "sha256:6279836d581513a26f1bf235f9acd333bc9115683f14f7e8fae46c98fc50e015"
            ],
            "markers": "python_version >= '3.7'",
            "version": "==23.1.0"
        },
        "bcrypt": {
            "hashes": [
                "sha256:089098effa1bc35dc055366740a067a2fc76987e8ec75349eb9484061c54f535",
                "sha256:08d2947c490093a11416df18043c27abe3921558d2c03e2076ccb28a116cb6d0",
                "sha256:0eaa47d4661c326bfc9d08d16debbc4edf78778e6aaba29c1bc7ce67214d4410",
                "sha256:27d375903ac8261cfe4047f6709d16f7d18d39b1ec92aaf72af989552a650ebd",
                "sha256:2b3ac11cf45161628f1f3733263e63194f22664bf4d0c0f3ab34099c02134665",
                "sha256:2caffdae059e06ac23fce178d31b4a702f2a3264c20bfb5ff541b338194d8fab",
                "sha256:3100851841186c25f127731b9fa11909ab7b1df6fc4b9f8353f4f1fd952fbf71",
                "sha256:5ad4d32a28b80c5fa6671ccfb43676e8c1cc232887759d1cd7b6f56ea4355215",
                "sha256:67a97e1c405b24f19d08890e7ae0c4f7ce1e56a712a016746c8b2d7732d65d4b",
                "sha256:705b2cea8a9ed3d55b4491887ceadb0106acf7c6387699fca771af56b1cdeeda",
                "sha256:8a68f4341daf7522fe8d73874de8906f3a339048ba406be6ddc1b3ccb16fc0d9",
                "sha256:a522427293d77e1c29e303fc282e2d71864579527a04ddcfda6d4f8396c6c36a",
                "sha256:ae88eca3024bb34bb3430f964beab71226e761f51b912de5133470b649d82344",
                "sha256:b1023030aec778185a6c16cf70f359cbb6e0c289fd564a7cfa29e727a1c38f8f",
                "sha256:b3b85202d95dd568efcb35b53936c5e3b3600c7cdcc6115ba461df3a8e89f38d",
                "sha256:b57adba8a1444faf784394de3436233728a1ecaeb6e07e8c22c8848f179b893c",
                "sha256:bf4fa8b2ca74381bb5442c089350f09a3f17797829d958fad058d6e44d9eb83c",
                "sha256:ca3204d00d3cb2dfed07f2d74a25f12fc12f73e606fcaa6975d1f7ae69cacbb2",
                "sha256:cbb03eec97496166b704ed663a53680ab57c5084b2fc98ef23291987b525cb7d",
                "sha256:e9a51bbfe7e9802b5f3508687758b564069ba937748ad7b9e890086290d2f79e",
                "sha256:fbdaec13c5105f0c4e5c52614d04f0bca5f5af007910daa8b6b12095edaa67b3"
            ],
            "index": "pypi",
            "markers": "python_version >= '3.6'",
            "version": "==4.0.1"
        },
        "black": {
            "hashes": [
                "sha256:250d7e60f323fcfc8ea6c800d5eba12f7967400eb6c2d21ae85ad31c204fb1f4",
                "sha256:2a9acad1451632021ee0d146c8765782a0c3846e0e0ea46659d7c4f89d9b212b",
                "sha256:412f56bab20ac85927f3a959230331de5614aecda1ede14b373083f62ec24e6f",
                "sha256:421f3e44aa67138ab1b9bfbc22ee3780b22fa5b291e4db8ab7eee95200726b07",
                "sha256:45aa1d4675964946e53ab81aeec7a37613c1cb71647b5394779e6efb79d6d187",
                "sha256:4c44b7211a3a0570cc097e81135faa5f261264f4dfaa22bd5ee2875a4e773bd6",
                "sha256:4c68855825ff432d197229846f971bc4d6666ce90492e5b02013bcaca4d9ab05",
                "sha256:5133f5507007ba08d8b7b263c7aa0f931af5ba88a29beacc4b2dc23fcefe9c06",
                "sha256:54caaa703227c6e0c87b76326d0862184729a69b73d3b7305b6288e1d830067e",
                "sha256:58e5f4d08a205b11800332920e285bd25e1a75c54953e05502052738fe16b3b5",
                "sha256:698c1e0d5c43354ec5d6f4d914d0d553a9ada56c85415700b81dc90125aac244",
                "sha256:6c1cac07e64433f646a9a838cdc00c9768b3c362805afc3fce341af0e6a9ae9f",
                "sha256:760415ccc20f9e8747084169110ef75d545f3b0932ee21368f63ac0fee86b221",
                "sha256:7f622b6822f02bfaf2a5cd31fdb7cd86fcf33dab6ced5185c35f5db98260b055",
                "sha256:cf57719e581cfd48c4efe28543fea3d139c6b6f1238b3f0102a9c73992cbb479",
                "sha256:d136ef5b418c81660ad847efe0e55c58c8208b77a57a28a503a5f345ccf01394",
                "sha256:dbea0bb8575c6b6303cc65017b46351dc5953eea5c0a59d7b7e3a2d2f433a911",
                "sha256:fc7f6a44d52747e65a02558e1d807c82df1d66ffa80a601862040a43ec2e3142"
            ],
            "index": "pypi",
            "markers": "python_version >= '3.8'",
            "version": "==23.11.0"
        },
        "cfgv": {
            "hashes": [
                "sha256:b7265b1f29fd3316bfcd2b330d63d024f2bfd8bcb8b0272f8e19a504856c48f9",
                "sha256:e52591d4c5f5dead8e0f673fb16db7949d2cfb3f7da4582893288f0ded8fe560"
            ],
            "markers": "python_version >= '3.8'",
            "version": "==3.4.0"
        },
        "click": {
            "hashes": [
                "sha256:ae74fb96c20a0277a1d615f1e4d73c8414f5a98db8b799a7931d1582f3390c28",
                "sha256:ca9853ad459e787e2192211578cc907e7594e294c7ccc834310722b41b9ca6de"
            ],
            "markers": "python_version >= '3.7'",
            "version": "==8.1.7"
        },
        "colorama": {
            "hashes": [
                "sha256:08695f5cb7ed6e0531a20572697297273c47b8cae5a63ffc6d6ed5c201be6e44",
                "sha256:4f1d9991f5acc0ca119f9d443620b77f9d6b33703e51011c16baf57afb285fc6"
            ],
            "markers": "platform_system == 'Windows'",
            "version": "==0.4.6"
        },
        "distlib": {
            "hashes": [
                "sha256:2e24928bc811348f0feb63014e97aaae3037f2cf48712d51ae61df7fd6075057",
                "sha256:9dafe54b34a028eafd95039d5e5d4851a13734540f1331060d31c9916e7147a8"
            ],
            "version": "==0.3.7"
        },
        "django": {
            "hashes": [
                "sha256:8e0f1c2c2786b5c0e39fe1afce24c926040fad47c8ea8ad30aaf1188df29fc41",
                "sha256:e1d37c51ad26186de355cbcec16613ebdabfa9689bbade9c538835205a8abbe9"
            ],
            "index": "pypi",
            "markers": "python_version >= '3.8'",
            "version": "==4.2.7"
        },
        "django-cors-headers": {
            "hashes": [
                "sha256:25aabc94d4837678c1edf442c7f68a5f5fd151f6767b0e0b01c61a2179d02711",
                "sha256:bd36c7aea0d070e462f3383f0dc9ef717e5fdc2b10a99c98c285f16da84ffba2"
            ],
            "index": "pypi",
            "markers": "python_version >= '3.8'",
            "version": "==4.3.0"
        },
        "djangorestframework": {
            "hashes": [
                "sha256:579a333e6256b09489cbe0a067e66abe55c6595d8926be6b99423786334350c8",
                "sha256:eb63f58c9f218e1a7d064d17a70751f528ed4e1d35547fdade9aaf4cd103fd08"
            ],
            "index": "pypi",
            "markers": "python_version >= '3.6'",
            "version": "==3.14.0"
        },
        "drf-spectacular": {
            "hashes": [
                "sha256:aee55330a774ba8a9cbdb125714d1c9ee05a8aafd3ce3be8bfd26527649aeb44",
                "sha256:c0002a820b11771fdbf37853deb371947caf0159d1afeeffe7598e964bc1db94"
            ],
            "index": "pypi",
            "markers": "python_version >= '3.6'",
            "version": "==0.26.5"
        },
        "filelock": {
            "hashes": [
                "sha256:521f5f56c50f8426f5e03ad3b281b490a87ef15bc6c526f168290f0c7148d44e",
                "sha256:57dbda9b35157b05fb3e58ee91448612eb674172fab98ee235ccb0b5bee19a1c"
            ],
            "markers": "python_version >= '3.8'",
            "version": "==3.13.1"
        },
        "identify": {
            "hashes": [
                "sha256:7736b3c7a28233637e3c36550646fc6389bedd74ae84cb788200cc8e2dd60b75",
                "sha256:90199cb9e7bd3c5407a9b7e81b4abec4bb9d249991c79439ec8af740afc6293d"
            ],
            "markers": "python_version >= '3.8'",
            "version": "==2.5.31"
        },
        "inflection": {
            "hashes": [
                "sha256:1a29730d366e996aaacffb2f1f1cb9593dc38e2ddd30c91250c6dde09ea9b417",
                "sha256:f38b2b640938a4f35ade69ac3d053042959b62a0f1076a5bbaa1b9526605a8a2"
            ],
            "markers": "python_version >= '3.5'",
            "version": "==0.5.1"
        },
        "jsonschema": {
            "hashes": [
                "sha256:c9ff4d7447eed9592c23a12ccee508baf0dd0d59650615e847feb6cdca74f392",
                "sha256:eee9e502c788e89cb166d4d37f43084e3b64ab405c795c03d343a4dbc2c810fc"
            ],
            "markers": "python_version >= '3.8'",
            "version": "==4.19.2"
        },
        "jsonschema-specifications": {
            "hashes": [
                "sha256:05adf340b659828a004220a9613be00fa3f223f2b82002e273dee62fd50524b1",
                "sha256:c91a50404e88a1f6ba40636778e2ee08f6e24c5613fe4c53ac24578a5a7f72bb"
            ],
            "markers": "python_version >= '3.8'",
            "version": "==2023.7.1"
        },
        "mypy-extensions": {
            "hashes": [
                "sha256:4392f6c0eb8a5668a69e23d168ffa70f0be9ccfd32b5cc2d26a34ae5b844552d",
                "sha256:75dbf8955dc00442a438fc4d0666508a9a97b6bd41aa2f0ffe9d2f2725af0782"
            ],
            "markers": "python_version >= '3.5'",
            "version": "==1.0.0"
        },
        "nodeenv": {
            "hashes": [
                "sha256:d51e0c37e64fbf47d017feac3145cdbb58836d7eee8c6f6d3b6880c5456227d2",
                "sha256:df865724bb3c3adc86b3876fa209771517b0cfe596beff01a92700e0e8be4cec"
            ],
            "markers": "python_version >= '2.7' and python_version not in '3.0, 3.1, 3.2, 3.3, 3.4, 3.5, 3.6'",
            "version": "==1.8.0"
        },
        "packaging": {
            "hashes": [
                "sha256:048fb0e9405036518eaaf48a55953c750c11e1a1b68e0dd1a9d62ed0c092cfc5",
                "sha256:8c491190033a9af7e1d931d0b5dacc2ef47509b34dd0de67ed209b5203fc88c7"
            ],
            "markers": "python_version >= '3.7'",
            "version": "==23.2"
        },
        "pathspec": {
            "hashes": [
                "sha256:1d6ed233af05e679efb96b1851550ea95bbb64b7c490b0f5aa52996c11e92a20",
                "sha256:e0d8d0ac2f12da61956eb2306b69f9469b42f4deb0f3cb6ed47b9cce9996ced3"
            ],
            "markers": "python_version >= '3.7'",
            "version": "==0.11.2"
        },
        "platformdirs": {
            "hashes": [
                "sha256:cf8ee52a3afdb965072dcc652433e0c7e3e40cf5ea1477cd4b3b1d2eb75495b3",
                "sha256:e9d171d00af68be50e9202731309c4e658fd8bc76f55c11c7dd760d023bda68e"
            ],
            "markers": "python_version >= '3.7'",
            "version": "==3.11.0"
        },
        "pre-commit": {
            "hashes": [
                "sha256:5804465c675b659b0862f07907f96295d490822a450c4c40e747d0b1c6ebcb32",
                "sha256:841dc9aef25daba9a0238cd27984041fa0467b4199fc4852e27950664919f660"
            ],
            "index": "pypi",
            "markers": "python_version >= '3.8'",
            "version": "==3.5.0"
        },
        "psycopg": {
            "extras": [
                "binary",
                "pool"
            ],
            "hashes": [
                "sha256:8ec5230d6a7eb654b4fb3cf2d3eda8871d68f24807b934790504467f1deee9f8",
                "sha256:cec7ad2bc6a8510e56c45746c631cf9394148bdc8a9a11fd8cf8554ce129ae78"
            ],
            "markers": "python_version >= '3.7'",
            "version": "==3.1.12"
        },
        "psycopg-binary": {
            "hashes": [
                "sha256:000838cb5ab7851116b462e58893a96b0f1e35864135a6283f3242a730ec45d3",
                "sha256:03a851123d0155e1d6ca5b6cccf624e2fc71c8f7eae76f5100196e0fca047d30",
                "sha256:03e321e149d051daa20892ed1bb3beabf0aae98a8c37da30ec80fa12306f9ba9",
                "sha256:047c4ba8d3089465b0a69c4c669128df43403867858d78da6b40b33788bfa89f",
                "sha256:052835aac03ee6a9d5b6fe35c468da79084ebe38709e6d3c24ff5b9422fb2947",
                "sha256:0dee8a1ecc501d9c3db06d08184712459bbb5806a09121c3a25e8cbe91e234d7",
                "sha256:104bdc85c5c4884b3f900155b635588a28740f561b32a3e27c38bcd249feba41",
                "sha256:130752b9b2f8d071f179e257b9698cedfe4546be81ad5ecd8ed52cf9d725580d",
                "sha256:278e8888e90fb6ebd7eae8ccb85199eafd712b734e641e0d40f2a903e946102d",
                "sha256:29a69f62aae8617361376d9ed1e34966ae9c3a74c4ab3aa430a7ce0c11530862",
                "sha256:2bbcc6fbabc2b92d18d955d9fa104fd9d8bd2dcb97a279c4e788c6b714ffd1af",
                "sha256:3195baff3e3e5d71828400d38af0ffc5a15d7dca2bfaadc9eb615235774b9290",
                "sha256:36147f708cc6a9d74c2b8d880f8dd3a6d53364b5c487536adaa022d435c90733",
                "sha256:3f017400679aa38f6cb22b888b8ec198a5b100ec2132e6b3bcfa797b14b5b438",
                "sha256:3f17a2c393879aa54f840540009d0e70a30d22ffa0038d81e258ac2c99b15d74",
                "sha256:43197161099cb4e36a9ca44c10657908b619d7263ffcff30932ad4627430dc3c",
                "sha256:4441d0f8ecae499a6ac5c79078c9fcd406c0bf70e72cb6cba888aca51aa46943",
                "sha256:45bcecc96a6e6fe11e06b75f7ba8005d6f717f16fae7ab1cf5a0aec5191f87c3",
                "sha256:46eac158e8e794d9414a8fe7706beeee9b1ecc4accbea914314825ace8137105",
                "sha256:48c4ba35f717783327931aa9da6e6aab81b6b90f3e6b902b18e269d73e7d0882",
                "sha256:49d6acf228edb5bd9000735b89b780b18face776d081b905cf68e149d57dfcc1",
                "sha256:4fddc3c9beaf745de3da10230f0144a4c667b21c3f7a94a3bb1fb004954c9810",
                "sha256:5112245daf98e22046316e72690689a8952a9b078908206a6b16cd28d84cde7c",
                "sha256:53464cb71e06faac479f44b8870f115004187e1dfb299b9725d1d7f85d9e5479",
                "sha256:6177cfa6f872a9cc84dbfc7dc163af6ef01639c50acc9a441673f29c2305c37a",
                "sha256:68398cdf3aedd4042b1126b9aba34615f1ab592831483282f19f0159fce5ca75",
                "sha256:6925a543e88cdfd1a2f679c7a33c08f107de60728a4a3c52f88d4491d40a7f51",
                "sha256:6979c02acb9783c6134ee516751b8f891a2d4db7f73ebecc9e92750283d6fb99",
                "sha256:6c6a5d125a61101ef5ab7384206e43952fe2a5fca997b96d28a28a752512f900",
                "sha256:6dea80e65c7a97150d555b64744e7279ff4c6b259d27580b756a5b282a7d44e3",
                "sha256:6def4f238ca02d6b42336b405d02729c081c978cda9b6ba7549a9c63a91ba823",
                "sha256:70054ada2f890d004dc3d5ff908e34aecb085fd599d40db2975c09a39c50dfc3",
                "sha256:7308316fdb6796399041b80db0ab9f356504ed26427e46834ade82ba94b067ce",
                "sha256:7544d6d74f5b5f9daafe8a4ed7d266787d62a2bf16f5120c45d42d1f4a856bc8",
                "sha256:77ae6cda3ffee2425aca9ea7af57296d0c701e2ac5897b48b95dfee050234592",
                "sha256:7d343e1f564fdc8964e1c08b8a6c1f6ebf4b45ee5631b5241c9cbac793f4500c",
                "sha256:8248b11ac490bb74de80457ab0e9cef31c08164ff7b867031927a17e5c9e19ed",
                "sha256:942a18df448a33d77aa7dff7e93062ace7926608a965db003622cb5f27910ba2",
                "sha256:98fce28d8136bdd883f20d26467bf259b5fb559eb64d8f83695690714cdfdad3",
                "sha256:99ad07b9ef5853713bb63c55e179af52994e96f445c5d66b87d8b986182922ef",
                "sha256:a21a7fffec1a225b26d72adb960d771fc5a9aba8e1f7dd710abcaa9a980e9740",
                "sha256:b04957bd5caff94eac38306357b6d448dd20a6f68fd998e115e3731a55118d83",
                "sha256:b32922872460575083487de41e17e8cf308c3550da02c704efe42960bc6c19de",
                "sha256:b81427fd5a97c9b4ac12f3b8d985870b0c3866b5fc2e72e51cacd3630ffd6466",
                "sha256:bb98252ac8ba41a121f88979e4232ffc1d6722c953531cbdae2b328322308581",
                "sha256:bc3f0fcc4fcccffda2450c725bee9fad73bc6c110cfbe3b8a777063845d9c6b9",
                "sha256:c2eb94bf0bd653c940517cd92dc4f98c85d505f69013b247dda747413bcf0a8b",
                "sha256:c48c4f3fcfd9e75e3fdb18eea320de591e06059a859280ec26ce8d753299353d",
                "sha256:c5987616698c895ae079fb5e26811b72948cb3b75c2c690446379298e96c1568",
                "sha256:c9eb2ba27760bc1303f0708ba95b9e4f3f3b77a081ef4f7f53375c71da3a1bee",
                "sha256:ca09e4937c9db24a58951ee9aea7aae7bca11a954b30c59f3b271e9bdebd80d7",
                "sha256:cb45a709b966583773acc3418fffbf6d73b014943b6efceca6a7d3ca960956cf",
                "sha256:d176c4614f5208ab9938d5426d61627c8fbc7f8dab53fef42c8bf2ab8605aa51",
                "sha256:d401722aa38bda64d1ba8293f6dad99f6f684711e2c016a93f138f2bbcff2a4b",
                "sha256:d41b03ce52a109858735ac19fe0295e3f77bef0388d6a3e105074ad68f4a9645",
                "sha256:d77c95d6086e0714225764772bf8110bb29dfbc6c32aa56e725a01998ce20e7c",
                "sha256:d819cb43cccc10ba501b9d462409fcaaeb19f77b8379b2e7ca0ced4a49446d4a",
                "sha256:e4a0f44bc29fc1b56ee1c865796cbe354078ee1e985f898e4915db185055bf7d",
                "sha256:e7949e1aefe339f04dbecac6aa036c9cd137a58f966c4b96ab933823c340ee12",
                "sha256:eaf2375b724ad61ee82a5c2a849e57b12b3cb510ec8845084132bbb907cb3335",
                "sha256:ee65335781a54f29f4abc28060a6188c41bdd42fdc3cbc1dd84695ed8ef18321",
                "sha256:f26bb34e0e9bb83fba00c4835f91f5c5348cdf689df8c8b503571c0d0027c8f5",
                "sha256:f4ae45d58bd79795a2d23d05be5496b226b09ac2688b9ed9808e13c345e2d542",
                "sha256:f6f55979804853efa5ce84d7ef59ff3772e0823247497f7d4a6870e6527fd791",
                "sha256:f93749f0fe69cfbfec22af690bb4b241f1a4347c57be26fe2e5b70588f7d602f"
            ],
            "version": "==3.1.12"
        },
        "psycopg-pool": {
            "hashes": [
                "sha256:53d9691503b538d419bf147359028633780294976743b1654dbf5f3a85b675db",
                "sha256:dc9b177e749aae4ad155d22f9d02ccb14fe2bf30792227fb02317361b446ee39"
            ],
            "version": "==3.1.8"
        },
        "python-dotenv": {
            "hashes": [
                "sha256:a8df96034aae6d2d50a4ebe8216326c61c3eb64836776504fcca410e5937a3ba",
                "sha256:f5971a9226b701070a4bf2c38c89e5a3f0d64de8debda981d1db98583009122a"
            ],
            "index": "pypi",
            "markers": "python_version >= '3.8'",
            "version": "==1.0.0"
        },
        "pytz": {
            "hashes": [
                "sha256:7b4fddbeb94a1eba4b557da24f19fdf9db575192544270a9101d8509f9f43d7b",
                "sha256:ce42d816b81b68506614c11e8937d3aa9e41007ceb50bfdcb0749b921bf646c7"
            ],
            "version": "==2023.3.post1"
        },
        "pyyaml": {
            "hashes": [
                "sha256:04ac92ad1925b2cff1db0cfebffb6ffc43457495c9b3c39d3fcae417d7125dc5",
                "sha256:062582fca9fabdd2c8b54a3ef1c978d786e0f6b3a1510e0ac93ef59e0ddae2bc",
                "sha256:0d3304d8c0adc42be59c5f8a4d9e3d7379e6955ad754aa9d6ab7a398b59dd1df",
                "sha256:1635fd110e8d85d55237ab316b5b011de701ea0f29d07611174a1b42f1444741",
                "sha256:184c5108a2aca3c5b3d3bf9395d50893a7ab82a38004c8f61c258d4428e80206",
                "sha256:18aeb1bf9a78867dc38b259769503436b7c72f7a1f1f4c93ff9a17de54319b27",
                "sha256:1d4c7e777c441b20e32f52bd377e0c409713e8bb1386e1099c2415f26e479595",
                "sha256:1e2722cc9fbb45d9b87631ac70924c11d3a401b2d7f410cc0e3bbf249f2dca62",
                "sha256:1fe35611261b29bd1de0070f0b2f47cb6ff71fa6595c077e42bd0c419fa27b98",
                "sha256:28c119d996beec18c05208a8bd78cbe4007878c6dd15091efb73a30e90539696",
                "sha256:326c013efe8048858a6d312ddd31d56e468118ad4cdeda36c719bf5bb6192290",
                "sha256:40df9b996c2b73138957fe23a16a4f0ba614f4c0efce1e9406a184b6d07fa3a9",
                "sha256:42f8152b8dbc4fe7d96729ec2b99c7097d656dc1213a3229ca5383f973a5ed6d",
                "sha256:49a183be227561de579b4a36efbb21b3eab9651dd81b1858589f796549873dd6",
                "sha256:4fb147e7a67ef577a588a0e2c17b6db51dda102c71de36f8549b6816a96e1867",
                "sha256:50550eb667afee136e9a77d6dc71ae76a44df8b3e51e41b77f6de2932bfe0f47",
                "sha256:510c9deebc5c0225e8c96813043e62b680ba2f9c50a08d3724c7f28a747d1486",
                "sha256:5773183b6446b2c99bb77e77595dd486303b4faab2b086e7b17bc6bef28865f6",
                "sha256:596106435fa6ad000c2991a98fa58eeb8656ef2325d7e158344fb33864ed87e3",
                "sha256:6965a7bc3cf88e5a1c3bd2e0b5c22f8d677dc88a455344035f03399034eb3007",
                "sha256:69b023b2b4daa7548bcfbd4aa3da05b3a74b772db9e23b982788168117739938",
                "sha256:6c22bec3fbe2524cde73d7ada88f6566758a8f7227bfbf93a408a9d86bcc12a0",
                "sha256:704219a11b772aea0d8ecd7058d0082713c3562b4e271b849ad7dc4a5c90c13c",
                "sha256:7e07cbde391ba96ab58e532ff4803f79c4129397514e1413a7dc761ccd755735",
                "sha256:81e0b275a9ecc9c0c0c07b4b90ba548307583c125f54d5b6946cfee6360c733d",
                "sha256:855fb52b0dc35af121542a76b9a84f8d1cd886ea97c84703eaa6d88e37a2ad28",
                "sha256:8d4e9c88387b0f5c7d5f281e55304de64cf7f9c0021a3525bd3b1c542da3b0e4",
                "sha256:9046c58c4395dff28dd494285c82ba00b546adfc7ef001486fbf0324bc174fba",
                "sha256:9eb6caa9a297fc2c2fb8862bc5370d0303ddba53ba97e71f08023b6cd73d16a8",
                "sha256:a0cd17c15d3bb3fa06978b4e8958dcdc6e0174ccea823003a106c7d4d7899ac5",
                "sha256:afd7e57eddb1a54f0f1a974bc4391af8bcce0b444685d936840f125cf046d5bd",
                "sha256:b1275ad35a5d18c62a7220633c913e1b42d44b46ee12554e5fd39c70a243d6a3",
                "sha256:b786eecbdf8499b9ca1d697215862083bd6d2a99965554781d0d8d1ad31e13a0",
                "sha256:ba336e390cd8e4d1739f42dfe9bb83a3cc2e80f567d8805e11b46f4a943f5515",
                "sha256:baa90d3f661d43131ca170712d903e6295d1f7a0f595074f151c0aed377c9b9c",
                "sha256:bc1bf2925a1ecd43da378f4db9e4f799775d6367bdb94671027b73b393a7c42c",
                "sha256:bd4af7373a854424dabd882decdc5579653d7868b8fb26dc7d0e99f823aa5924",
                "sha256:bf07ee2fef7014951eeb99f56f39c9bb4af143d8aa3c21b1677805985307da34",
                "sha256:bfdf460b1736c775f2ba9f6a92bca30bc2095067b8a9d77876d1fad6cc3b4a43",
                "sha256:c8098ddcc2a85b61647b2590f825f3db38891662cfc2fc776415143f599bb859",
                "sha256:d2b04aac4d386b172d5b9692e2d2da8de7bfb6c387fa4f801fbf6fb2e6ba4673",
                "sha256:d483d2cdf104e7c9fa60c544d92981f12ad66a457afae824d146093b8c294c54",
                "sha256:d858aa552c999bc8a8d57426ed01e40bef403cd8ccdd0fc5f6f04a00414cac2a",
                "sha256:e7d73685e87afe9f3b36c799222440d6cf362062f78be1013661b00c5c6f678b",
                "sha256:f003ed9ad21d6a4713f0a9b5a7a0a79e08dd0f221aff4525a2be4c346ee60aab",
                "sha256:f22ac1c3cac4dbc50079e965eba2c1058622631e526bd9afd45fedd49ba781fa",
                "sha256:faca3bdcf85b2fc05d06ff3fbc1f83e1391b3e724afa3feba7d13eeab355484c",
                "sha256:fca0e3a251908a499833aa292323f32437106001d436eca0e6e7833256674585",
                "sha256:fd1592b3fdf65fff2ad0004b5e363300ef59ced41c2e6b3a99d4089fa8c5435d",
                "sha256:fd66fc5d0da6d9815ba2cebeb4205f95818ff4b79c3ebe268e75d961704af52f"
            ],
            "markers": "python_version >= '3.6'",
            "version": "==6.0.1"
        },
        "referencing": {
            "hashes": [
                "sha256:449b6669b6121a9e96a7f9e410b245d471e8d48964c67113ce9afe50c8dd7bdf",
                "sha256:794ad8003c65938edcdbc027f1933215e0d0ccc0291e3ce20a4d87432b59efc0"
            ],
            "markers": "python_version >= '3.8'",
            "version": "==0.30.2"
        },
        "rpds-py": {
            "hashes": [
                "sha256:0525847f83f506aa1e28eb2057b696fe38217e12931c8b1b02198cfe6975e142",
                "sha256:05942656cb2cb4989cd50ced52df16be94d344eae5097e8583966a1d27da73a5",
                "sha256:0831d3ecdea22e4559cc1793f22e77067c9d8c451d55ae6a75bf1d116a8e7f42",
                "sha256:0853da3d5e9bc6a07b2486054a410b7b03f34046c123c6561b535bb48cc509e1",
                "sha256:08e6e7ff286254016b945e1ab632ee843e43d45e40683b66dd12b73791366dd1",
                "sha256:0a38612d07a36138507d69646c470aedbfe2b75b43a4643f7bd8e51e52779624",
                "sha256:0bedd91ae1dd142a4dc15970ed2c729ff6c73f33a40fa84ed0cdbf55de87c777",
                "sha256:0c5441b7626c29dbd54a3f6f3713ec8e956b009f419ffdaaa3c80eaf98ddb523",
                "sha256:0e9e976e0dbed4f51c56db10831c9623d0fd67aac02853fe5476262e5a22acb7",
                "sha256:0fadfdda275c838cba5102c7f90a20f2abd7727bf8f4a2b654a5b617529c5c18",
                "sha256:1096ca0bf2d3426cbe79d4ccc91dc5aaa73629b08ea2d8467375fad8447ce11a",
                "sha256:171d9a159f1b2f42a42a64a985e4ba46fc7268c78299272ceba970743a67ee50",
                "sha256:188912b22b6c8225f4c4ffa020a2baa6ad8fabb3c141a12dbe6edbb34e7f1425",
                "sha256:1b4cf9ab9a0ae0cb122685209806d3f1dcb63b9fccdf1424fb42a129dc8c2faa",
                "sha256:1e04581c6117ad9479b6cfae313e212fe0dfa226ac727755f0d539cd54792963",
                "sha256:1fa73ed22c40a1bec98d7c93b5659cd35abcfa5a0a95ce876b91adbda170537c",
                "sha256:2124f9e645a94ab7c853bc0a3644e0ca8ffbe5bb2d72db49aef8f9ec1c285733",
                "sha256:240687b5be0f91fbde4936a329c9b7589d9259742766f74de575e1b2046575e4",
                "sha256:25740fb56e8bd37692ed380e15ec734be44d7c71974d8993f452b4527814601e",
                "sha256:27ccc93c7457ef890b0dd31564d2a05e1aca330623c942b7e818e9e7c2669ee4",
                "sha256:281c8b219d4f4b3581b918b816764098d04964915b2f272d1476654143801aa2",
                "sha256:2d34a5450a402b00d20aeb7632489ffa2556ca7b26f4a63c35f6fccae1977427",
                "sha256:301bd744a1adaa2f6a5e06c98f1ac2b6f8dc31a5c23b838f862d65e32fca0d4b",
                "sha256:30e5ce9f501fb1f970e4a59098028cf20676dee64fc496d55c33e04bbbee097d",
                "sha256:33ab498f9ac30598b6406e2be1b45fd231195b83d948ebd4bd77f337cb6a2bff",
                "sha256:35585a8cb5917161f42c2104567bb83a1d96194095fc54a543113ed5df9fa436",
                "sha256:389c0e38358fdc4e38e9995e7291269a3aead7acfcf8942010ee7bc5baee091c",
                "sha256:3acadbab8b59f63b87b518e09c4c64b142e7286b9ca7a208107d6f9f4c393c5c",
                "sha256:3b7a64d43e2a1fa2dd46b678e00cabd9a49ebb123b339ce799204c44a593ae1c",
                "sha256:3c8c0226c71bd0ce9892eaf6afa77ae8f43a3d9313124a03df0b389c01f832de",
                "sha256:429349a510da82c85431f0f3e66212d83efe9fd2850f50f339341b6532c62fe4",
                "sha256:466030a42724780794dea71eb32db83cc51214d66ab3fb3156edd88b9c8f0d78",
                "sha256:47aeceb4363851d17f63069318ba5721ae695d9da55d599b4d6fb31508595278",
                "sha256:48aa98987d54a46e13e6954880056c204700c65616af4395d1f0639eba11764b",
                "sha256:4b2416ed743ec5debcf61e1242e012652a4348de14ecc7df3512da072b074440",
                "sha256:4d0a675a7acbbc16179188d8c6d0afb8628604fc1241faf41007255957335a0b",
                "sha256:4eb74d44776b0fb0782560ea84d986dffec8ddd94947f383eba2284b0f32e35e",
                "sha256:4f8a1d990dc198a6c68ec3d9a637ba1ce489b38cbfb65440a27901afbc5df575",
                "sha256:513ccbf7420c30e283c25c82d5a8f439d625a838d3ba69e79a110c260c46813f",
                "sha256:5210a0018c7e09c75fa788648617ebba861ae242944111d3079034e14498223f",
                "sha256:54cdfcda59251b9c2f87a05d038c2ae02121219a04d4a1e6fc345794295bdc07",
                "sha256:56dd500411d03c5e9927a1eb55621e906837a83b02350a9dc401247d0353717c",
                "sha256:57ec6baec231bb19bb5fd5fc7bae21231860a1605174b11585660236627e390e",
                "sha256:5f1519b080d8ce0a814f17ad9fb49fb3a1d4d7ce5891f5c85fc38631ca3a8dc4",
                "sha256:6174d6ad6b58a6bcf67afbbf1723420a53d06c4b89f4c50763d6fa0a6ac9afd2",
                "sha256:68172622a5a57deb079a2c78511c40f91193548e8ab342c31e8cb0764d362459",
                "sha256:6915fc9fa6b3ec3569566832e1bb03bd801c12cea030200e68663b9a87974e76",
                "sha256:6b75b912a0baa033350367a8a07a8b2d44fd5b90c890bfbd063a8a5f945f644b",
                "sha256:6f5dcb658d597410bb7c967c1d24eaf9377b0d621358cbe9d2ff804e5dd12e81",
                "sha256:6f8d7fe73d1816eeb5378409adc658f9525ecbfaf9e1ede1e2d67a338b0c7348",
                "sha256:7036316cc26b93e401cedd781a579be606dad174829e6ad9e9c5a0da6e036f80",
                "sha256:7188ddc1a8887194f984fa4110d5a3d5b9b5cd35f6bafdff1b649049cbc0ce29",
                "sha256:761531076df51309075133a6bc1db02d98ec7f66e22b064b1d513bc909f29743",
                "sha256:7979d90ee2190d000129598c2b0c82f13053dba432b94e45e68253b09bb1f0f6",
                "sha256:8015835494b21aa7abd3b43fdea0614ee35ef6b03db7ecba9beb58eadf01c24f",
                "sha256:81c4d1a3a564775c44732b94135d06e33417e829ff25226c164664f4a1046213",
                "sha256:81cf9d306c04df1b45971c13167dc3bad625808aa01281d55f3cf852dde0e206",
                "sha256:88857060b690a57d2ea8569bca58758143c8faa4639fb17d745ce60ff84c867e",
                "sha256:8c567c664fc2f44130a20edac73e0a867f8e012bf7370276f15c6adc3586c37c",
                "sha256:91bd2b7cf0f4d252eec8b7046fa6a43cee17e8acdfc00eaa8b3dbf2f9a59d061",
                "sha256:9620650c364c01ed5b497dcae7c3d4b948daeae6e1883ae185fef1c927b6b534",
                "sha256:9b007c2444705a2dc4a525964fd4dd28c3320b19b3410da6517cab28716f27d3",
                "sha256:9bf9acce44e967a5103fcd820fc7580c7b0ab8583eec4e2051aec560f7b31a63",
                "sha256:a239303acb0315091d54c7ff36712dba24554993b9a93941cf301391d8a997ee",
                "sha256:a2baa6be130e8a00b6cbb9f18a33611ec150b4537f8563bddadb54c1b74b8193",
                "sha256:a54917b7e9cd3a67e429a630e237a90b096e0ba18897bfb99ee8bd1068a5fea0",
                "sha256:a689e1ded7137552bea36305a7a16ad2b40be511740b80748d3140614993db98",
                "sha256:a952ae3eb460c6712388ac2ec706d24b0e651b9396d90c9a9e0a69eb27737fdc",
                "sha256:aa32205358a76bf578854bf31698a86dc8b2cb591fd1d79a833283f4a403f04b",
                "sha256:b2287c09482949e0ca0c0eb68b2aca6cf57f8af8c6dfd29dcd3bc45f17b57978",
                "sha256:b6b0e17d39d21698185097652c611f9cf30f7c56ccec189789920e3e7f1cee56",
                "sha256:b710bf7e7ae61957d5c4026b486be593ed3ec3dca3e5be15e0f6d8cf5d0a4990",
                "sha256:b8e11715178f3608874508f08e990d3771e0b8c66c73eb4e183038d600a9b274",
                "sha256:b92aafcfab3d41580d54aca35a8057341f1cfc7c9af9e8bdfc652f83a20ced31",
                "sha256:bec29b801b4adbf388314c0d050e851d53762ab424af22657021ce4b6eb41543",
                "sha256:c694bee70ece3b232df4678448fdda245fd3b1bb4ba481fb6cd20e13bb784c46",
                "sha256:c6b52b7028b547866c2413f614ee306c2d4eafdd444b1ff656bf3295bf1484aa",
                "sha256:cb41ad20064e18a900dd427d7cf41cfaec83bcd1184001f3d91a1f76b3fcea4e",
                "sha256:cd316dbcc74c76266ba94eb021b0cc090b97cca122f50bd7a845f587ff4bf03f",
                "sha256:ced40cdbb6dd47a032725a038896cceae9ce267d340f59508b23537f05455431",
                "sha256:d1c562a9bb72244fa767d1c1ab55ca1d92dd5f7c4d77878fee5483a22ffac808",
                "sha256:d389ff1e95b6e46ebedccf7fd1fadd10559add595ac6a7c2ea730268325f832c",
                "sha256:d56b1cd606ba4cedd64bb43479d56580e147c6ef3f5d1c5e64203a1adab784a2",
                "sha256:d72a4315514e5a0b9837a086cb433b004eea630afb0cc129de76d77654a9606f",
                "sha256:d9e7f29c00577aff6b318681e730a519b235af292732a149337f6aaa4d1c5e31",
                "sha256:dbc25baa6abb205766fb8606f8263b02c3503a55957fcb4576a6bb0a59d37d10",
                "sha256:e57919c32ee295a2fca458bb73e4b20b05c115627f96f95a10f9f5acbd61172d",
                "sha256:e5bbe011a2cea9060fef1bb3d668a2fd8432b8888e6d92e74c9c794d3c101595",
                "sha256:e6aea5c0eb5b0faf52c7b5c4a47c8bb64437173be97227c819ffa31801fa4e34",
                "sha256:e888be685fa42d8b8a3d3911d5604d14db87538aa7d0b29b1a7ea80d354c732d",
                "sha256:eebaf8c76c39604d52852366249ab807fe6f7a3ffb0dd5484b9944917244cdbe",
                "sha256:efbe0b5e0fd078ed7b005faa0170da4f72666360f66f0bb2d7f73526ecfd99f9",
                "sha256:efddca2d02254a52078c35cadad34762adbae3ff01c6b0c7787b59d038b63e0d",
                "sha256:f05450fa1cd7c525c0b9d1a7916e595d3041ac0afbed2ff6926e5afb6a781b7f",
                "sha256:f12d69d568f5647ec503b64932874dade5a20255736c89936bf690951a5e79f5",
                "sha256:f45321224144c25a62052035ce96cbcf264667bcb0d81823b1bbc22c4addd194",
                "sha256:f62581d7e884dd01ee1707b7c21148f61f2febb7de092ae2f108743fcbef5985",
                "sha256:f8832a4f83d4782a8f5a7b831c47e8ffe164e43c2c148c8160ed9a6d630bc02a",
                "sha256:fa35ad36440aaf1ac8332b4a4a433d4acd28f1613f0d480995f5cfd3580e90b7"
            ],
            "markers": "python_version >= '3.8'",
            "version": "==0.12.0"
        },
        "setuptools": {
            "hashes": [
                "sha256:4ac1475276d2f1c48684874089fefcd83bd7162ddaafb81fac866ba0db282a87",
                "sha256:b454a35605876da60632df1a60f736524eb73cc47bbc9f3f1ef1b644de74fd2a"
            ],
            "markers": "python_version >= '3.8'",
            "version": "==68.2.2"
        },
        "sqlparse": {
            "hashes": [
                "sha256:5430a4fe2ac7d0f93e66f1efc6e1338a41884b7ddf2a350cedd20ccc4d9d28f3",
                "sha256:d446183e84b8349fa3061f0fe7f06ca94ba65b426946ffebe6e3e8295332420c"
            ],
            "markers": "python_version >= '3.5'",
            "version": "==0.4.4"
        },
        "tomli": {
            "hashes": [
                "sha256:939de3e7a6161af0c887ef91b7d41a53e7c5a1ca976325f429cb46ea9bc30ecc",
                "sha256:de526c12914f0c550d15924c62d72abc48d6fe7364aa87328337a31007fe8a4f"
            ],
            "markers": "python_version < '3.11'",
            "version": "==2.0.1"
        },
        "typing-extensions": {
            "hashes": [
                "sha256:8f92fc8806f9a6b641eaa5318da32b44d401efaac0f6678c9bc448ba3605faa0",
                "sha256:df8e4339e9cb77357558cbdbceca33c303714cf861d1eef15e1070055ae8b7ef"
            ],
            "markers": "python_version < '3.11'",
            "version": "==4.8.0"
        },
        "tzdata": {
            "hashes": [
                "sha256:11ef1e08e54acb0d4f95bdb1be05da659673de4acbd21bf9c69e94cc5e907a3a",
                "sha256:7e65763eef3120314099b6939b5546db7adce1e7d6f2e179e3df563c70511eda"
            ],
            "markers": "sys_platform == 'win32'",
            "version": "==2023.3"
        },
        "uritemplate": {
            "hashes": [
                "sha256:4346edfc5c3b79f694bccd6d6099a322bbeb628dbf2cd86eea55a456ce5124f0",
                "sha256:830c08b8d99bdd312ea4ead05994a38e8936266f84b9a7878232db50b044e02e"
            ],
            "markers": "python_version >= '3.6'",
            "version": "==4.1.1"
        },
        "virtualenv": {
            "hashes": [
                "sha256:02ece4f56fbf939dbbc33c0715159951d6bf14aaf5457b092e4548e1382455af",
                "sha256:520d056652454c5098a00c0f073611ccbea4c79089331f60bf9d7ba247bb7381"
            ],
            "markers": "python_version >= '3.7'",
            "version": "==20.24.6"
        }
    },
    "develop": {}
}
